{
    "_readme": [
        "This file locks the dependencies of your project to a known state",
        "Read more about it at https://getcomposer.org/doc/01-basic-usage.md#composer-lock-the-lock-file",
        "This file is @generated automatically"
    ],
    "content-hash": "3630a3b0b325c3df8a496760c26222aa",
    "packages": [
        {
            "name": "imagine/imagine",
            "version": "v0.7.1",
            "source": {
                "type": "git",
                "url": "https://github.com/avalanche123/Imagine.git",
                "reference": "a9a702a946073cbca166718f1b02a1e72d742daa"
            },
            "dist": {
                "type": "zip",
                "url": "https://api.github.com/repos/avalanche123/Imagine/zipball/a9a702a946073cbca166718f1b02a1e72d742daa",
                "reference": "a9a702a946073cbca166718f1b02a1e72d742daa",
                "shasum": ""
            },
            "require": {
                "php": ">=5.3.2"
            },
            "require-dev": {
                "sami/sami": "^3.3",
                "symfony/phpunit-bridge": "^3.2"
            },
            "suggest": {
                "ext-gd": "to use the GD implementation",
                "ext-gmagick": "to use the Gmagick implementation",
                "ext-imagick": "to use the Imagick implementation"
            },
            "type": "library",
            "extra": {
                "branch-alias": {
                    "dev-develop": "0.7-dev"
                }
            },
            "autoload": {
                "psr-0": {
                    "Imagine": "lib/"
                }
            },
            "notification-url": "https://packagist.org/downloads/",
            "license": [
                "MIT"
            ],
            "authors": [
                {
                    "name": "Bulat Shakirzyanov",
                    "email": "mallluhuct@gmail.com",
                    "homepage": "http://avalanche123.com"
                }
            ],
            "description": "Image processing for PHP 5.3",
            "homepage": "http://imagine.readthedocs.org/",
            "keywords": [
                "drawing",
                "graphics",
                "image manipulation",
                "image processing"
            ],
            "time": "2017-05-16T10:31:22+00:00"
        },
        {
            "name": "miljar/php-exif",
            "version": "v0.6.4",
            "source": {
                "type": "git",
                "url": "https://github.com/PHPExif/php-exif.git",
                "reference": "361c15b8bc7d5ef26a9492fe537f09c920fe6511"
            },
            "dist": {
                "type": "zip",
                "url": "https://api.github.com/repos/PHPExif/php-exif/zipball/361c15b8bc7d5ef26a9492fe537f09c920fe6511",
                "reference": "361c15b8bc7d5ef26a9492fe537f09c920fe6511",
                "shasum": ""
            },
            "require": {
                "php": ">=5.3.0"
            },
            "require-dev": {
                "phpmd/phpmd": "~2.2",
                "phpunit/phpunit": "3.7.*",
                "satooshi/php-coveralls": "~0.6",
                "sebastian/phpcpd": "1.4.*@stable",
                "squizlabs/php_codesniffer": "1.4.*@stable"
            },
            "suggest": {
                "ext-exif": "Use exif PHP extension as adapter",
                "lib-exiftool": "Use perl lib exiftool as adapter"
            },
            "type": "library",
            "autoload": {
                "psr-0": {
                    "PHPExif": "lib/"
                }
            },
            "notification-url": "https://packagist.org/downloads/",
            "license": [
                "MIT"
            ],
            "authors": [
                {
                    "name": "Tom Van Herreweghe",
                    "homepage": "http://theanalogguy.be",
                    "role": "Developer"
                }
            ],
            "description": "Object-Oriented EXIF parsing",
            "keywords": [
                "IPTC",
                "exif",
                "exiftool",
                "jpeg",
                "tiff"
            ],
            "time": "2018-03-27T10:41:55+00:00"
        },
        {
            "name": "symfony/filesystem",
            "version": "v4.1.0",
            "source": {
                "type": "git",
                "url": "https://github.com/symfony/filesystem.git",
                "reference": "562bf7005b55fd80d26b582d28e3e10f2dd5ae9c"
            },
            "dist": {
                "type": "zip",
                "url": "https://api.github.com/repos/symfony/filesystem/zipball/562bf7005b55fd80d26b582d28e3e10f2dd5ae9c",
                "reference": "562bf7005b55fd80d26b582d28e3e10f2dd5ae9c",
                "shasum": ""
            },
            "require": {
                "php": "^7.1.3",
                "symfony/polyfill-ctype": "~1.8"
            },
            "type": "library",
            "extra": {
                "branch-alias": {
                    "dev-master": "4.1-dev"
                }
            },
            "autoload": {
                "psr-4": {
                    "Symfony\\Component\\Filesystem\\": ""
                },
                "exclude-from-classmap": [
                    "/Tests/"
                ]
            },
            "notification-url": "https://packagist.org/downloads/",
            "license": [
                "MIT"
            ],
            "authors": [
                {
                    "name": "Fabien Potencier",
                    "email": "fabien@symfony.com"
                },
                {
                    "name": "Symfony Community",
                    "homepage": "https://symfony.com/contributors"
                }
            ],
            "description": "Symfony Filesystem Component",
            "homepage": "https://symfony.com",
            "time": "2018-05-30T07:26:09+00:00"
        },
        {
            "name": "symfony/finder",
            "version": "v4.1.0",
            "source": {
                "type": "git",
                "url": "https://github.com/symfony/finder.git",
                "reference": "087e2ee0d74464a4c6baac4e90417db7477dc238"
            },
            "dist": {
                "type": "zip",
                "url": "https://api.github.com/repos/symfony/finder/zipball/087e2ee0d74464a4c6baac4e90417db7477dc238",
                "reference": "087e2ee0d74464a4c6baac4e90417db7477dc238",
                "shasum": ""
            },
            "require": {
                "php": "^7.1.3"
            },
            "type": "library",
            "extra": {
                "branch-alias": {
                    "dev-master": "4.1-dev"
                }
            },
            "autoload": {
                "psr-4": {
                    "Symfony\\Component\\Finder\\": ""
                },
                "exclude-from-classmap": [
                    "/Tests/"
                ]
            },
            "notification-url": "https://packagist.org/downloads/",
            "license": [
                "MIT"
            ],
            "authors": [
                {
                    "name": "Fabien Potencier",
                    "email": "fabien@symfony.com"
                },
                {
                    "name": "Symfony Community",
                    "homepage": "https://symfony.com/contributors"
                }
            ],
            "description": "Symfony Finder Component",
            "homepage": "https://symfony.com",
            "time": "2018-05-16T14:33:22+00:00"
        },
        {
            "name": "symfony/http-foundation",
            "version": "v4.1.0",
            "source": {
                "type": "git",
                "url": "https://github.com/symfony/http-foundation.git",
                "reference": "a916c88390fb861ee21f12a92b107d51bb68af99"
            },
            "dist": {
                "type": "zip",
                "url": "https://api.github.com/repos/symfony/http-foundation/zipball/a916c88390fb861ee21f12a92b107d51bb68af99",
                "reference": "a916c88390fb861ee21f12a92b107d51bb68af99",
                "shasum": ""
            },
            "require": {
                "php": "^7.1.3",
                "symfony/polyfill-mbstring": "~1.1"
            },
            "require-dev": {
                "predis/predis": "~1.0",
                "symfony/expression-language": "~3.4|~4.0"
            },
            "type": "library",
            "extra": {
                "branch-alias": {
                    "dev-master": "4.1-dev"
                }
            },
            "autoload": {
                "psr-4": {
                    "Symfony\\Component\\HttpFoundation\\": ""
                },
                "exclude-from-classmap": [
                    "/Tests/"
                ]
            },
            "notification-url": "https://packagist.org/downloads/",
            "license": [
                "MIT"
            ],
            "authors": [
                {
                    "name": "Fabien Potencier",
                    "email": "fabien@symfony.com"
                },
                {
                    "name": "Symfony Community",
                    "homepage": "https://symfony.com/contributors"
                }
            ],
            "description": "Symfony HttpFoundation Component",
            "homepage": "https://symfony.com",
            "time": "2018-05-25T14:55:38+00:00"
        },
        {
            "name": "symfony/polyfill-ctype",
            "version": "v1.8.0",
            "source": {
                "type": "git",
                "url": "https://github.com/symfony/polyfill-ctype.git",
                "reference": "7cc359f1b7b80fc25ed7796be7d96adc9b354bae"
            },
            "dist": {
                "type": "zip",
                "url": "https://api.github.com/repos/symfony/polyfill-ctype/zipball/7cc359f1b7b80fc25ed7796be7d96adc9b354bae",
                "reference": "7cc359f1b7b80fc25ed7796be7d96adc9b354bae",
                "shasum": ""
            },
            "require": {
                "php": ">=5.3.3"
            },
            "type": "library",
            "extra": {
                "branch-alias": {
                    "dev-master": "1.8-dev"
                }
            },
            "autoload": {
                "psr-4": {
                    "Symfony\\Polyfill\\Ctype\\": ""
                },
                "files": [
                    "bootstrap.php"
                ]
            },
            "notification-url": "https://packagist.org/downloads/",
            "license": [
                "MIT"
            ],
            "authors": [
                {
                    "name": "Symfony Community",
                    "homepage": "https://symfony.com/contributors"
                },
                {
                    "name": "Gert de Pagter",
                    "email": "BackEndTea@gmail.com"
                }
            ],
            "description": "Symfony polyfill for ctype functions",
            "homepage": "https://symfony.com",
            "keywords": [
                "compatibility",
                "ctype",
                "polyfill",
                "portable"
            ],
            "time": "2018-04-30T19:57:29+00:00"
        },
        {
            "name": "symfony/polyfill-mbstring",
            "version": "v1.8.0",
            "source": {
                "type": "git",
                "url": "https://github.com/symfony/polyfill-mbstring.git",
                "reference": "3296adf6a6454a050679cde90f95350ad604b171"
            },
            "dist": {
                "type": "zip",
                "url": "https://api.github.com/repos/symfony/polyfill-mbstring/zipball/3296adf6a6454a050679cde90f95350ad604b171",
                "reference": "3296adf6a6454a050679cde90f95350ad604b171",
                "shasum": ""
            },
            "require": {
                "php": ">=5.3.3"
            },
            "suggest": {
                "ext-mbstring": "For best performance"
            },
            "type": "library",
            "extra": {
                "branch-alias": {
                    "dev-master": "1.8-dev"
                }
            },
            "autoload": {
                "psr-4": {
                    "Symfony\\Polyfill\\Mbstring\\": ""
                },
                "files": [
                    "bootstrap.php"
                ]
            },
            "notification-url": "https://packagist.org/downloads/",
            "license": [
                "MIT"
            ],
            "authors": [
                {
                    "name": "Nicolas Grekas",
                    "email": "p@tchwork.com"
                },
                {
                    "name": "Symfony Community",
                    "homepage": "https://symfony.com/contributors"
                }
            ],
            "description": "Symfony polyfill for the Mbstring extension",
            "homepage": "https://symfony.com",
            "keywords": [
                "compatibility",
                "mbstring",
                "polyfill",
                "portable",
                "shim"
            ],
            "time": "2018-04-26T10:06:28+00:00"
        },
        {
            "name": "symfony/translation",
            "version": "v4.1.0",
            "source": {
                "type": "git",
                "url": "https://github.com/symfony/translation.git",
                "reference": "16328f5b217cebc8dd4adfe4aeeaa8c377581f5a"
            },
            "dist": {
                "type": "zip",
                "url": "https://api.github.com/repos/symfony/translation/zipball/16328f5b217cebc8dd4adfe4aeeaa8c377581f5a",
                "reference": "16328f5b217cebc8dd4adfe4aeeaa8c377581f5a",
                "shasum": ""
            },
            "require": {
                "php": "^7.1.3",
                "symfony/polyfill-mbstring": "~1.0"
            },
            "conflict": {
                "symfony/config": "<3.4",
                "symfony/dependency-injection": "<3.4",
                "symfony/yaml": "<3.4"
            },
            "require-dev": {
                "psr/log": "~1.0",
                "symfony/config": "~3.4|~4.0",
                "symfony/console": "~3.4|~4.0",
                "symfony/dependency-injection": "~3.4|~4.0",
                "symfony/finder": "~2.8|~3.0|~4.0",
                "symfony/intl": "~3.4|~4.0",
                "symfony/yaml": "~3.4|~4.0"
            },
            "suggest": {
                "psr/log-implementation": "To use logging capability in translator",
                "symfony/config": "",
                "symfony/yaml": ""
            },
            "type": "library",
            "extra": {
                "branch-alias": {
                    "dev-master": "4.1-dev"
                }
            },
            "autoload": {
                "psr-4": {
                    "Symfony\\Component\\Translation\\": ""
                },
                "exclude-from-classmap": [
                    "/Tests/"
                ]
            },
            "notification-url": "https://packagist.org/downloads/",
            "license": [
                "MIT"
            ],
            "authors": [
                {
                    "name": "Fabien Potencier",
                    "email": "fabien@symfony.com"
                },
                {
                    "name": "Symfony Community",
                    "homepage": "https://symfony.com/contributors"
                }
            ],
            "description": "Symfony Translation Component",
            "homepage": "https://symfony.com",
            "time": "2018-05-30T07:26:09+00:00"
        },
        {
            "name": "symfony/validator",
            "version": "v4.1.0",
            "source": {
                "type": "git",
                "url": "https://github.com/symfony/validator.git",
                "reference": "f07bc14af6759710fb4639811a8240650d89786a"
            },
            "dist": {
                "type": "zip",
                "url": "https://api.github.com/repos/symfony/validator/zipball/f07bc14af6759710fb4639811a8240650d89786a",
                "reference": "f07bc14af6759710fb4639811a8240650d89786a",
                "shasum": ""
            },
            "require": {
                "php": "^7.1.3",
                "symfony/polyfill-ctype": "~1.8",
                "symfony/polyfill-mbstring": "~1.0",
                "symfony/translation": "~3.4|~4.0"
            },
            "conflict": {
                "phpunit/phpunit": "<4.8.35|<5.4.3,>=5.0",
                "symfony/dependency-injection": "<3.4",
                "symfony/http-kernel": "<3.4",
                "symfony/intl": "<4.1",
                "symfony/yaml": "<3.4"
            },
            "require-dev": {
                "doctrine/annotations": "~1.0",
                "doctrine/cache": "~1.0",
                "egulias/email-validator": "^1.2.8|~2.0",
                "symfony/cache": "~3.4|~4.0",
                "symfony/config": "~3.4|~4.0",
                "symfony/dependency-injection": "~3.4|~4.0",
                "symfony/expression-language": "~3.4|~4.0",
                "symfony/http-foundation": "~4.1",
                "symfony/http-kernel": "~3.4|~4.0",
                "symfony/intl": "~4.1",
                "symfony/property-access": "~3.4|~4.0",
                "symfony/var-dumper": "~3.4|~4.0",
                "symfony/yaml": "~3.4|~4.0"
            },
            "suggest": {
                "doctrine/annotations": "For using the annotation mapping. You will also need doctrine/cache.",
                "doctrine/cache": "For using the default cached annotation reader and metadata cache.",
                "egulias/email-validator": "Strict (RFC compliant) email validation",
                "psr/cache-implementation": "For using the metadata cache.",
                "symfony/config": "",
                "symfony/expression-language": "For using the Expression validator",
                "symfony/http-foundation": "",
                "symfony/intl": "",
                "symfony/property-access": "For accessing properties within comparison constraints",
                "symfony/yaml": ""
            },
            "type": "library",
            "extra": {
                "branch-alias": {
                    "dev-master": "4.1-dev"
                }
            },
            "autoload": {
                "psr-4": {
                    "Symfony\\Component\\Validator\\": ""
                },
                "exclude-from-classmap": [
                    "/Tests/"
                ]
            },
            "notification-url": "https://packagist.org/downloads/",
            "license": [
                "MIT"
            ],
            "authors": [
                {
                    "name": "Fabien Potencier",
                    "email": "fabien@symfony.com"
                },
                {
                    "name": "Symfony Community",
                    "homepage": "https://symfony.com/contributors"
                }
            ],
            "description": "Symfony Validator Component",
            "homepage": "https://symfony.com",
            "time": "2018-05-30T07:26:09+00:00"
        }
    ],
    "packages-dev": [],
    "aliases": [],
    "minimum-stability": "stable",
    "stability-flags": [],
    "prefer-stable": false,
    "prefer-lowest": false,
    "platform": [],
    "platform-dev": []
}
